
Microsoft Visual Studio Solution File, Format Version 12.00
# Visual Studio Version 17
VisualStudioVersion = 17.2.32630.192
MinimumVisualStudioVersion = 10.0.40219.1
Project("{FAE04EC0-301F-11D3-BF4B-00C04F79EFBC}") = "formanyifo", "formanyifo\formanyifo.csproj", "{5B31050B-F927-427A-8D05-25CED03083B3}"
EndProject
Global
	GlobalSection(SolutionConfigurationPlatforms) = preSolution
		Debug|Any CPU = Debug|Any CPU
		Release|Any CPU = Release|Any CPU
	EndGlobalSection
	GlobalSection(ProjectConfigurationPlatforms) = postSolution
		{5B31050B-F927-427A-8D05-25CED03083B3}.Debug|Any CPU.ActiveCfg = Debug|Any CPU
		{5B31050B-F927-427A-8D05-25CED03083B3}.Debug|Any CPU.Build.0 = Debug|Any CPU
		{5B31050B-F927-427A-8D05-25CED03083B3}.Release|Any CPU.ActiveCfg = Release|Any CPU
		{5B31050B-F927-427A-8D05-25CED03083B3}.Release|Any CPU.Build.0 = Release|Any CPU
	EndGlobalSection
	GlobalSection(SolutionProperties) = preSolution
		HideSolutionNode = FALSE
	EndGlobalSection
	GlobalSection(ExtensibilityGlobals) = postSolution
		SolutionGuid = {12905E58-1EE3-45EC-9339-D312E08ED339}
	EndGlobalSection
EndGlobal
